// !$*UTF8*$!
{
	archiveVersion = 1;
	classes = {
	};
	objectVersion = 77;
	objects = {

/* Begin PBXContainerItemProxy section */
		54AB9CDC2FAC38F4005A9745 /* PBXContainerItemProxy */ = {
			isa = PBXContainerItemProxy;
			containerPortal = 54AB9CC22FAC38F3005A9745 /* Project object */;
			proxyType = 1;
			remoteGlobalIDString = 54AB9CC92FAC38F3005A9745;
			remoteInfo = AiFortuneTelling;
		};
		54AB9CE62FAC38F4005A9745 /* PBXContainerItemProxy */ = {
			isa = PBXContainerItemProxy;
			containerPortal = 54AB9CC22FAC38F3005A9745 /* Project object */;
			proxyType = 1;
			remoteGlobalIDString = 54AB9CC92FAC38F3005A9745;
			remoteInfo = AiFortuneTelling;
		};
/* End PBXContainerItemProxy section */

/* Begin PBXFileReference section */
		54AB9CCA2FAC38F3005A9745 /* AiFortuneTelling.app */ = {isa = PBXFileReference; explicitFileType = wrapper.application; includeInIndex = 0; path = AiFortuneTelling.app; sourceTree = BUILT_PRODUCTS_DIR; };
		54AB9CDB2FAC38F4005A9745 /* AiFortuneTellingTests.xctest */ = {isa = PBXFileReference; explicitFileType = wrapper.cfbundle; includeInIndex = 0; path = AiFortuneTellingTests.xctest; sourceTree = BUILT_PRODUCTS_DIR; };
		54AB9CE52FAC38F4005A9745 /* AiFortuneTellingUITests.xctest */ = {isa = PBXFileReference; explicitFileType = wrapper.cfbundle; includeInIndex = 0; path = AiFortuneTellingUITests.xctest; sourceTree = BUILT_PRODUCTS_DIR; };
/* End PBXFileReference section */

/* Begin PBXFileSystemSynchronizedBuildFileExceptionSet section */
		54AB9CED2FAC38F4005A9745 /* Exceptions for "AiFortuneTelling" folder in "AiFortuneTelling" target */ = {
			isa = PBXFileSystemSynchronizedBuildFileExceptionSet;
			membershipExceptions = (
				Info.plist,
			);
			target = 54AB9CC92FAC38F3005A9745 /* AiFortuneTelling */;
		};
/* End PBXFileSystemSynchronizedBuildFileExceptionSet section */

/* Begin PBXFileSystemSynchronizedRootGroup section */
		54AB9CCC2FAC38F3005A9745 /* AiFortuneTelling */ = {
			isa = PBXFileSystemSynchronizedRootGroup;
			exceptions = (
				54AB9CED2FAC38F4005A9745 /* Exceptions for "AiFortuneTelling" folder in "AiFortuneTelling" target */,
			);
			path = AiFortuneTelling;
			sourceTree = "<group>";
		};
		54AB9CDE2FAC38F4005A9745 /* AiFortuneTellingTests */ = {
			isa = PBXFileSystemSynchronizedRootGroup;
			path = AiFortuneTellingTests;
			sourceTree = "<group>";
		};
		54AB9CE82FAC38F4005A9745 /* AiFortuneTellingUITests */ = {
			isa = PBXFileSystemSynchronizedRootGroup;
			path = AiFortuneTellingUITests;
			sourceTree = "<group>";
		};
/* End PBXFileSystemSynchronizedRootGroup section */

/* Begin PBXFrameworksBuildPhase section */
		54AB9CC72FAC38F3005A9745 /* Frameworks */ = {
			isa = PBXFrameworksBuildPhase;
			buildActionMask = 2147483647;
			files = (
			);
			runOnlyForDeploymentPostprocessing = 0;
		};
		54AB9CD82FAC38F4005A9745 /* Frameworks */ = {
			isa = PBXFrameworksBuildPhase;
			buildActionMask = 2147483647;
			files = (
			);
			runOnlyForDeploymentPostprocessing = 0;
		};
		54AB9CE22FAC38F4005A9745 /* Frameworks */ = {
			isa = PBXFrameworksBuildPhase;
			buildActionMask = 2147483647;
			files = (
			);
			runOnlyForDeploymentPostprocessing = 0;
		};
/* End PBXFrameworksBuildPhase section */

/* Begin PBXGroup section */
		54AB9CC12FAC38F3005A9745 = {
			isa = PBXGroup;
			children = (
				54AB9CCC2FAC38F3005A9745 /* AiFortuneTelling */,
				54AB9CDE2FAC38F4005A9745 /* AiFortuneTellingTests */,
				54AB9CE82FAC38F4005A9745 /* AiFortuneTellingUITests */,
				54AB9CCB2FAC38F3005A9745 /* Products */,
			);
			sourceTree = "<group>";
		};
		54AB9CCB2FAC38F3005A9745 /* Products */ = {
			isa = PBXGroup;
			children = (
				54AB9CCA2FAC38F3005A9745 /* AiFortuneTelling.app */,
				54AB9CDB2FAC38F4005A9745 /* AiFortuneTellingTests.xctest */,
				54AB9CE52FAC38F4005A9745 /* AiFortuneTellingUITests.xctest */,
			);
			name = Products;
			sourceTree = "<group>";
		};
/* End PBXGroup section */

/* Begin PBXNativeTarget section */
		54AB9CC92FAC38F3005A9745 /* AiFortuneTelling */ = {
			isa = PBXNativeTarget;
			buildConfigurationList = 54AB9CEE2FAC38F4005A9745 /* Build configuration list for PBXNativeTarget "AiFortuneTelling" */;
			buildPhases = (
				54AB9CC62FAC38F3005A9745 /* Sources */,
				54AB9CC72FAC38F3005A9745 /* Frameworks */,
				54AB9CC82FAC38F3005A9745 /* Resources */,
			);
			buildRules = (
			);
			dependencies = (
			);
			fileSystemSynchronizedGroups = (
				54AB9CCC2FAC38F3005A9745 /* AiFortuneTelling */,
			);
			name = AiFortuneTelling;
			packageProductDependencies = (
			);
			productName = AiFortuneTelling;
			productReference = 54AB9CCA2FAC38F3005A9745 /* AiFortuneTelling.app */;
			productType = "com.apple.product-type.application";
		};
		54AB9CDA2FAC38F4005A9745 /* AiFortuneTellingTests */ = {
			isa = PBXNativeTarget;
			buildConfigurationList = 54AB9CF32FAC38F4005A9745 /* Build configuration list for PBXNativeTarget "AiFortuneTellingTests" */;
			buildPhases = (
				54AB9CD72FAC38F4005A9745 /* Sources */,
				54AB9CD82FAC38F4005A9745 /* Frameworks */,
				54AB9CD92FAC38F4005A9745 /* Resources */,
			);
			buildRules = (
			);
			dependencies = (
				54AB9CDD2FAC38F4005A9745 /* PBXTargetDependency */,
			);
			fileSystemSynchronizedGroups = (
				54AB9CDE2FAC38F4005A9745 /* AiFortuneTellingTests */,
			);
			name = AiFortuneTellingTests;
			packageProductDependencies = (
			);
			productName = AiFortuneTellingTests;
			productReference = 54AB9CDB2FAC38F4005A9745 /* AiFortuneTellingTests.xctest */;
			productType = "com.apple.product-type.bundle.unit-test";
		};
		54AB9CE42FAC38F4005A9745 /* AiFortuneTellingUITests */ = {
			isa = PBXNativeTarget;
			buildConfigurationList = 54AB9CF62FAC38F4005A9745 /* Build configuration list for PBXNativeTarget "AiFortuneTellingUITests" */;
			buildPhases = (
				54AB9CE12FAC38F4005A9745 /* Sources */,
				54AB9CE22FAC38F4005A9745 /* Frameworks */,
				54AB9CE32FAC38F4005A9745 /* Resources */,
			);
			buildRules = (
			);
			dependencies = (
				54AB9CE72FAC38F4005A9745 /* PBXTargetDependency */,
			);
			fileSystemSynchronizedGroups = (
				54AB9CE82FAC38F4005A9745 /* AiFortuneTellingUITests */,
			);
			name = AiFortuneTellingUITests;
			packageProductDependencies = (
			);
			productName = AiFortuneTellingUITests;
			productReference = 54AB9CE52FAC38F4005A9745 /* AiFortuneTellingUITests.xctest */;
			productType = "com.apple.product-type.bundle.ui-testing";
		};
/* End PBXNativeTarget section */

/* Begin PBXProject section */
		54AB9CC22FAC38F3005A9745 /* Project object */ = {
			isa = PBXProject;
			attributes = {
				BuildIndependentTargetsInParallel = 1;
				LastSwiftUpdateCheck = 2640;
				LastUpgradeCheck = 2640;
				TargetAttributes = {
					54AB9CC92FAC38F3005A9745 = {
						CreatedOnToolsVersion = 26.4.1;
					};
					54AB9CDA2FAC38F4005A9745 = {
						CreatedOnToolsVersion = 26.4.1;
						TestTargetID = 54AB9CC92FAC38F3005A9745;
					};
					54AB9CE42FAC38F4005A9745 = {
						CreatedOnToolsVersion = 26.4.1;
						TestTargetID = 54AB9CC92FAC38F3005A9745;
					};
				};
			};
			buildConfigurationList = 54AB9CC52FAC38F3005A9745 /* Build configuration list for PBXProject "AiFortuneTelling" */;
			developmentRegion = en;
			hasScannedForEncodings = 0;
			knownRegions = (
				en,
				Base,
			);
			mainGroup = 54AB9CC12FAC38F3005A9745;
			minimizedProjectReferenceProxies = 1;
			preferredProjectObjectVersion = 77;
			productRefGroup = 54AB9CCB2FAC38F3005A9745 /* Products */;
			projectDirPath = "";
			projectRoot = "";
			targets = (
				54AB9CC92FAC38F3005A9745 /* AiFortuneTelling */,
				54AB9CDA2FAC38F4005A9745 /* AiFortuneTellingTests */,
				54AB9CE42FAC38F4005A9745 /* AiFortuneTellingUITests */,
			);
		};
/* End PBXProject section */

/* Begin PBXResourcesBuildPhase section */
		54AB9CC82FAC38F3005A9745 /* Resources */ = {
			isa = PBXResourcesBuildPhase;
			buildActionMask = 2147483647;
			files = (
			);
			runOnlyForDeploymentPostprocessing = 0;
		};
		54AB9CD92FAC38F4005A9745 /* Resources */ = {
			isa = PBXResourcesBuildPhase;
			buildActionMask = 2147483647;
			files = (
			);
			runOnlyForDeploymentPostprocessing = 0;
		};
		54AB9CE32FAC38F4005A9745 /* Resources */ = {
			isa = PBXResourcesBuildPhase;
			buildActionMask = 2147483647;
			files = (
			);
			runOnlyForDeploymentPostprocessing = 0;
		};
/* End PBXResourcesBuildPhase section */

/* Begin PBXSourcesBuildPhase section */
		54AB9CC62FAC38F3005A9745 /* Sources */ = {
			isa = PBXSourcesBuildPhase;
			buildActionMask = 2147483647;
			files = (
			);
			runOnlyForDeploymentPostprocessing = 0;
		};
		54AB9CD72FAC38F4005A9745 /* Sources */ = {
			isa = PBXSourcesBuildPhase;
			buildActionMask = 2147483647;
			files = (
			);
			runOnlyForDeploymentPostprocessing = 0;
		};
		54AB9CE12FAC38F4005A9745 /* Sources */ = {
			isa = PBXSourcesBuildPhase;
			buildActionMask = 2147483647;
			files = (
			);
			runOnlyForDeploymentPostprocessing = 0;
		};
/* End PBXSourcesBuildPhase section */

/* Begin PBXTargetDependency section */
		54AB9CDD2FAC38F4005A9745 /* PBXTargetDependency */ = {
			isa = PBXTargetDependency;
			target = 54AB9CC92FAC38F3005A9745 /* AiFortuneTelling */;
			targetProxy = 54AB9CDC2FAC38F4005A9745 /* PBXContainerItemProxy */;
		};
		54AB9CE72FAC38F4005A9745 /* PBXTargetDependency */ = {
			isa = PBXTargetDependency;
			target = 54AB9CC92FAC38F3005A9745 /* AiFortuneTelling */;
			targetProxy = 54AB9CE62FAC38F4005A9745 /* PBXContainerItemProxy */;
		};
/* End PBXTargetDependency section */

/* Begin XCBuildConfiguration section */
		54AB9CEF2FAC38F4005A9745 /* Debug */ = {
			isa = XCBuildConfiguration;
			buildSettings = {
				ASSETCATALOG_COMPILER_APPICON_NAME = AppIcon;
				ASSETCATALOG_COMPILER_GLOBAL_ACCENT_COLOR_NAME = AccentColor;
				CODE_SIGN_ENTITLEMENTS = AiFortuneTelling/AiFortuneTelling.entitlements;
				CODE_SIGN_STYLE = Automatic;
				CURRENT_PROJECT_VERSION = 1;
				DEVELOPMENT_TEAM = 7GA62J4AAL;
				ENABLE_PREVIEWS = YES;
				GENERATE_INFOPLIST_FILE = YES;
				INFOPLIST_FILE = AiFortuneTelling/Info.plist;
				INFOPLIST_KEY_UIApplicationSceneManifest_Generation = YES;
				INFOPLIST_KEY_UIApplicationSupportsIndirectInputEvents = YES;
				INFOPLIST_KEY_UILaunchScreen_Generation = YES;
				INFOPLIST_KEY_UISupportedInterfaceOrientations_iPad = "UIInterfaceOrientationPortrait UIInterfaceOrientationPortraitUpsideDown UIInterfaceOrientationLandscapeLeft UIInterfaceOrientationLandscapeRight";
				INFOPLIST_KEY_UISupportedInterfaceOrientations_iPhone = "UIInterfaceOrientationPortrait UIInterfaceOrientationLandscapeLeft UIInterfaceOrientationLandscapeRight";
				LD_RUNPATH_SEARCH_PATHS = (
					"$(inherited)",
					"@executable_path/Frameworks",
				);
				MARKETING_VERSION = 1.0;
				PRODUCT_BUNDLE_IDENTIFIER = wondershare.AiFortuneTelling;
				PRODUCT_NAME = "$(TARGET_NAME)";
				STRING_CATALOG_GENERATE_SYMBOLS = YES;
				SWIFT_APPROACHABLE_CONCURRENCY = YES;
				SWIFT_DEFAULT_ACTOR_ISOLATION = MainActor;
				SWIFT_EMIT_LOC_STRINGS = YES;
				SWIFT_UPCOMING_FEATURE_MEMBER_IMPORT_VISIBILITY = YES;
				SWIFT_VERSION = 5.0;
				TARGETED_DEVICE_FAMILY = "1,2";
			};
			name = Debug;
		};
		54AB9CF02FAC38F4005A9745 /* Release */ = {
			isa = XCBuildConfiguration;
			buildSettings = {
				ASSETCATALOG_COMPILER_APPICON_NAME = AppIcon;
				ASSETCATALOG_COMPILER_GLOBAL_ACCENT_COLOR_NAME = AccentColor;
				CODE_SIGN_ENTITLEMENTS = AiFortuneTelling/AiFortuneTelling.entitlements;
				CODE_SIGN_STYLE = Automatic;
				CURRENT_PROJECT_VERSION = 1;
				DEVELOPMENT_TEAM = 7GA62J4AAL;
				ENABLE_PREVIEWS = YES;
				GENERATE_INFOPLIST_FILE = YES;
				INFOPLIST_FILE = AiFortuneTelling/Info.plist;
				INFOPLIST_KEY_UIApplicationSceneManifest_Generation = YES;
				INFOPLIST_KEY_UIApplicationSupportsIndirectInputEvents = YES;
				INFOPLIST_KEY_UILaunchScreen_Generation = YES;
				INFOPLIST_KEY_UISupportedInterfaceOrientations_iPad = "UIInterfaceOrientationPortrait UIInterfaceOrientationPortraitUpsideDown UIInterfaceOrientationLandscapeLeft UIInterfaceOrientationLandscapeRight";
				INFOPLIST_KEY_UISupportedInterfaceOrientations_iPhone = "UIInterfaceOrientationPortrait UIInterfaceOrientationLandscapeLeft UIInterfaceOrientationLandscapeRight";
				LD_RUNPATH_SEARCH_PATHS = (
					"$(inherited)",
					"@executable_path/Frameworks",
				);
				MARKETING_VERSION = 1.0;
				PRODUCT_BUNDLE_IDENTIFIER = wondershare.AiFortuneTelling;
				PRODUCT_NAME = "$(TARGET_NAME)";
				STRING_CATALOG_GENERATE_SYMBOLS = YES;
				SWIFT_APPROACHABLE_CONCURRENCY = YES;
				SWIFT_DEFAULT_ACTOR_ISOLATION = MainActor;
				SWIFT_EMIT_LOC_STRINGS = YES;
				SWIFT_UPCOMING_FEATURE_MEMBER_IMPORT_VISIBILITY = YES;
				SWIFT_VERSION = 5.0;
				TARGETED_DEVICE_FAMILY = "1,2";
			};
			name = Release;
		};
		54AB9CF12FAC38F4005A9745 /* Debug */ = {
			isa = XCBuildConfiguration;
			buildSettings = {
				ALWAYS_SEARCH_USER_PATHS = NO;
				ASSETCATALOG_COMPILER_GENERATE_SWIFT_ASSET_SYMBOL_EXTENSIONS = YES;
				CLANG_ANALYZER_NONNULL = YES;
				CLANG_ANALYZER_NUMBER_OBJECT_CONVERSION = YES_AGGRESSIVE;
				CLANG_CXX_LANGUAGE_STANDARD = "gnu++20";
				CLANG_ENABLE_MODULES = YES;
				CLANG_ENABLE_OBJC_ARC = YES;
				CLANG_ENABLE_OBJC_WEAK = YES;
				CLANG_WARN_BLOCK_CAPTURE_AUTORELEASING = YES;
				CLANG_WARN_BOOL_CONVERSION = YES;
				CLANG_WARN_COMMA = YES;
				CLANG_WARN_CONSTANT_CONVERSION = YES;
				CLANG_WARN_DEPRECATED_OBJC_IMPLEMENTATIONS = YES;
				CLANG_WARN_DIRECT_OBJC_ISA_USAGE = YES_ERROR;
				CLANG_WARN_DOCUMENTATION_COMMENTS = YES;
				CLANG_WARN_EMPTY_BODY = YES;
				CLANG_WARN_ENUM_CONVERSION = YES;
				CLANG_WARN_INFINITE_RECURSION = YES;
				CLANG_WARN_INT_CONVERSION = YES;
				CLANG_WARN_NON_LITERAL_NULL_CONVERSION = YES;
				CLANG_WARN_OBJC_IMPLICIT_RETAIN_SELF = YES;
				CLANG_WARN_OBJC_LITERAL_CONVERSION = YES;
				CLANG_WARN_OBJC_ROOT_CLASS = YES_ERROR;
				CLANG_WARN_QUOTED_INCLUDE_IN_FRAMEWORK_HEADER = YES;
				CLANG_WARN_RANGE_LOOP_ANALYSIS = YES;
				CLANG_WARN_STRICT_PROTOTYPES = YES;
				CLANG_WARN_SUSPICIOUS_MOVE = YES;
				CLANG_WARN_UNGUARDED_AVAILABILITY = YES_AGGRESSIVE;
				CLANG_WARN_UNREACHABLE_CODE = YES;
				CLANG_WARN__DUPLICATE_METHOD_MATCH = YES;
				COPY_PHASE_STRIP = NO;
				DEBUG_INFORMATION_FORMAT = dwarf;
				DEVELOPMENT_TEAM = 7GA62J4AAL;
				ENABLE_STRICT_OBJC_MSGSEND = YES;
				ENABLE_TESTABILITY = YES;
				ENABLE_USER_SCRIPT_SANDBOXING = YES;
				GCC_C_LANGUAGE_STANDARD = gnu17;
				GCC_DYNAMIC_NO_PIC = NO;
				GCC_NO_COMMON_BLOCKS = YES;
				GCC_OPTIMIZATION_LEVEL = 0;
				GCC_PREPROCESSOR_DEFINITIONS = (
					"DEBUG=1",
					"$(inherited)",
				);
				GCC_WARN_64_TO_32_BIT_CONVERSION = YES;
				GCC_WARN_ABOUT_RETURN_TYPE = YES_ERROR;
				GCC_WARN_UNDECLARED_SELECTOR = YES;
				GCC_WARN_UNINITIALIZED_AUTOS = YES_AGGRESSIVE;
				GCC_WARN_UNUSED_FUNCTION = YES;
				GCC_WARN_UNUSED_VARIABLE = YES;
				IPHONEOS_DEPLOYMENT_TARGET = 26.4;
				LOCALIZATION_PREFERS_STRING_CATALOGS = YES;
				MTL_ENABLE_DEBUG_INFO = INCLUDE_SOURCE;
				MTL_FAST_MATH = YES;
				ONLY_ACTIVE_ARCH = YES;
				SDKROOT = iphoneos;
				SWIFT_ACTIVE_COMPILATION_CONDITIONS = "DEBUG $(inherited)";
				SWIFT_OPTIMIZATION_LEVEL = "-Onone";
			};
			name = Debug;
		};
		54AB9CF22FAC38F4005A9745 /* Release */ = {
			isa = XCBuildConfiguration;
			buildSettings = {
				ALWAYS_SEARCH_USER_PATHS = NO;
				ASSETCATALOG_COMPILER_GENERATE_SWIFT_ASSET_SYMBOL_EXTENSIONS = YES;
				CLANG_ANALYZER_NONNULL = YES;
				CLANG_ANALYZER_NUMBER_OBJECT_CONVERSION = YES_AGGRESSIVE;
				CLANG_CXX_LANGUAGE_STANDARD = "gnu++20";
				CLANG_ENABLE_MODULES = YES;
				CLANG_ENABLE_OBJC_ARC = YES;
				CLANG_ENABLE_OBJC_WEAK = YES;
				CLANG_WARN_BLOCK_CAPTURE_AUTORELEASING = YES;
				CLANG_WARN_BOOL_CONVERSION = YES;
				CLANG_WARN_COMMA = YES;
				CLANG_WARN_CONSTANT_CONVERSION = YES;
				CLANG_WARN_DEPRECATED_OBJC_IMPLEMENTATIONS = YES;
				CLANG_WARN_DIRECT_OBJC_ISA_USAGE = YES_ERROR;
				CLANG_WARN_DOCUMENTATION_COMMENTS = YES;
				CLANG_WARN_EMPTY_BODY = YES;
				CLANG_WARN_ENUM_CONVERSION = YES;
				CLANG_WARN_INFINITE_RECURSION = YES;
				CLANG_WARN_INT_CONVERSION = YES;
				CLANG_WARN_NON_LITERAL_NULL_CONVERSION = YES;
				CLANG_WARN_OBJC_IMPLICIT_RETAIN_SELF = YES;
				CLANG_WARN_OBJC_LITERAL_CONVERSION = YES;
				CLANG_WARN_OBJC_ROOT_CLASS = YES_ERROR;
				CLANG_WARN_QUOTED_INCLUDE_IN_FRAMEWORK_HEADER = YES;
				CLANG_WARN_RANGE_LOOP_ANALYSIS = YES;
				CLANG_WARN_STRICT_PROTOTYPES = YES;
				CLANG_WARN_SUSPICIOUS_MOVE = YES;
				CLANG_WARN_UNGUARDED_AVAILABILITY = YES_AGGRESSIVE;
				CLANG_WARN_UNREACHABLE_CODE = YES;
				CLANG_WARN__DUPLICATE_METHOD_MATCH = YES;
				COPY_PHASE_STRIP = NO;
				DEBUG_INFORMATION_FORMAT = "dwarf-with-dsym";
				DEVELOPMENT_TEAM = 7GA62J4AAL;
				ENABLE_NS_ASSERTIONS = NO;
				ENABLE_STRICT_OBJC_MSGSEND = YES;
				ENABLE_USER_SCRIPT_SANDBOXING = YES;
				GCC_C_LANGUAGE_STANDARD = gnu17;
				GCC_NO_COMMON_BLOCKS = YES;
				GCC_WARN_64_TO_32_BIT_CONVERSION = YES;
				GCC_WARN_ABOUT_RETURN_TYPE = YES_ERROR;
				GCC_WARN_UNDECLARED_SELECTOR = YES;
				GCC_WARN_UNINITIALIZED_AUTOS = YES_AGGRESSIVE;
				GCC_WARN_UNUSED_FUNCTION = YES;
				GCC_WARN_UNUSED_VARIABLE = YES;
				IPHONEOS_DEPLOYMENT_TARGET = 26.4;
				LOCALIZATION_PREFERS_STRING_CATALOGS = YES;
				MTL_ENABLE_DEBUG_INFO = NO;
				MTL_FAST_MATH = YES;
				SDKROOT = iphoneos;
				SWIFT_COMPILATION_MODE = wholemodule;
				VALIDATE_PRODUCT = YES;
			};
			name = Release;
		};
		54AB9CF42FAC38F4005A9745 /* Debug */ = {
			isa = XCBuildConfiguration;
			buildSettings = {
				BUNDLE_LOADER = "$(TEST_HOST)";
				CODE_SIGN_STYLE = Automatic;
				CURRENT_PROJECT_VERSION = 1;
				DEVELOPMENT_TEAM = 7GA62J4AAL;
				GENERATE_INFOPLIST_FILE = YES;
				IPHONEOS_DEPLOYMENT_TARGET = 26.4;
				MARKETING_VERSION = 1.0;
				PRODUCT_BUNDLE_IDENTIFIER = wondershare.AiFortuneTellingTests;
				PRODUCT_NAME = "$(TARGET_NAME)";
				STRING_CATALOG_GENERATE_SYMBOLS = NO;
				SWIFT_APPROACHABLE_CONCURRENCY = YES;
				SWIFT_EMIT_LOC_STRINGS = NO;
				SWIFT_UPCOMING_FEATURE_MEMBER_IMPORT_VISIBILITY = YES;
				SWIFT_VERSION = 5.0;
				TARGETED_DEVICE_FAMILY = "1,2";
				TEST_HOST = "$(BUILT_PRODUCTS_DIR)/AiFortuneTelling.app/$(BUNDLE_EXECUTABLE_FOLDER_PATH)/AiFortuneTelling";
			};
			name = Debug;
		};
		54AB9CF52FAC38F4005A9745 /* Release */ = {
			isa = XCBuildConfiguration;
			buildSettings = {
				BUNDLE_LOADER = "$(TEST_HOST)";
				CODE_SIGN_STYLE = Automatic;
				CURRENT_PROJECT_VERSION = 1;
				DEVELOPMENT_TEAM = 7GA62J4AAL;
				GENERATE_INFOPLIST_FILE = YES;
				IPHONEOS_DEPLOYMENT_TARGET = 26.4;
				MARKETING_VERSION = 1.0;
				PRODUCT_BUNDLE_IDENTIFIER = wondershare.AiFortuneTellingTests;
				PRODUCT_NAME = "$(TARGET_NAME)";
				STRING_CATALOG_GENERATE_SYMBOLS = NO;
				SWIFT_APPROACHABLE_CONCURRENCY = YES;
				SWIFT_EMIT_LOC_STRINGS = NO;
				SWIFT_UPCOMING_FEATURE_MEMBER_IMPORT_VISIBILITY = YES;
				SWIFT_VERSION = 5.0;
				TARGETED_DEVICE_FAMILY = "1,2";
				TEST_HOST = "$(BUILT_PRODUCTS_DIR)/AiFortuneTelling.app/$(BUNDLE_EXECUTABLE_FOLDER_PATH)/AiFortuneTelling";
			};
			name = Release;
		};
		54AB9CF72FAC38F4005A9745 /* Debug */ = {
			isa = XCBuildConfiguration;
			buildSettings = {
				CODE_SIGN_STYLE = Automatic;
				CURRENT_PROJECT_VERSION = 1;
				DEVELOPMENT_TEAM = 7GA62J4AAL;
				GENERATE_INFOPLIST_FILE = YES;
				MARKETING_VERSION = 1.0;
				PRODUCT_BUNDLE_IDENTIFIER = wondershare.AiFortuneTellingUITests;
				PRODUCT_NAME = "$(TARGET_NAME)";
				STRING_CATALOG_GENERATE_SYMBOLS = NO;
				SWIFT_APPROACHABLE_CONCURRENCY = YES;
				SWIFT_EMIT_LOC_STRINGS = NO;
				SWIFT_UPCOMING_FEATURE_MEMBER_IMPORT_VISIBILITY = YES;
				SWIFT_VERSION = 5.0;
				TARGETED_DEVICE_FAMILY = "1,2";
				TEST_TARGET_NAME = AiFortuneTelling;
			};
			name = Debug;
		};
		54AB9CF82FAC38F4005A9745 /* Release */ = {
			isa = XCBuildConfiguration;
			buildSettings = {
				CODE_SIGN_STYLE = Automatic;
				CURRENT_PROJECT_VERSION = 1;
				DEVELOPMENT_TEAM = 7GA62J4AAL;
				GENERATE_INFOPLIST_FILE = YES;
				MARKETING_VERSION = 1.0;
				PRODUCT_BUNDLE_IDENTIFIER = wondershare.AiFortuneTellingUITests;
				PRODUCT_NAME = "$(TARGET_NAME)";
				STRING_CATALOG_GENERATE_SYMBOLS = NO;
				SWIFT_APPROACHABLE_CONCURRENCY = YES;
				SWIFT_EMIT_LOC_STRINGS = NO;
				SWIFT_UPCOMING_FEATURE_MEMBER_IMPORT_VISIBILITY = YES;
				SWIFT_VERSION = 5.0;
				TARGETED_DEVICE_FAMILY = "1,2";
				TEST_TARGET_NAME = AiFortuneTelling;
			};
			name = Release;
		};
/* End XCBuildConfiguration section */

/* Begin XCConfigurationList section */
		54AB9CC52FAC38F3005A9745 /* Build configuration list for PBXProject "AiFortuneTelling" */ = {
			isa = XCConfigurationList;
			buildConfigurations = (
				54AB9CF12FAC38F4005A9745 /* Debug */,
				54AB9CF22FAC38F4005A9745 /* Release */,
			);
			defaultConfigurationIsVisible = 0;
			defaultConfigurationName = Release;
		};
		54AB9CEE2FAC38F4005A9745 /* Build configuration list for PBXNativeTarget "AiFortuneTelling" */ = {
			isa = XCConfigurationList;
			buildConfigurations = (
				54AB9CEF2FAC38F4005A9745 /* Debug */,
				54AB9CF02FAC38F4005A9745 /* Release */,
			);
			defaultConfigurationIsVisible = 0;
			defaultConfigurationName = Release;
		};
		54AB9CF32FAC38F4005A9745 /* Build configuration list for PBXNativeTarget "AiFortuneTellingTests" */ = {
			isa = XCConfigurationList;
			buildConfigurations = (
				54AB9CF42FAC38F4005A9745 /* Debug */,
				54AB9CF52FAC38F4005A9745 /* Release */,
			);
			defaultConfigurationIsVisible = 0;
			defaultConfigurationName = Release;
		};
		54AB9CF62FAC38F4005A9745 /* Build configuration list for PBXNativeTarget "AiFortuneTellingUITests" */ = {
			isa = XCConfigurationList;
			buildConfigurations = (
				54AB9CF72FAC38F4005A9745 /* Debug */,
				54AB9CF82FAC38F4005A9745 /* Release */,
			);
			defaultConfigurationIsVisible = 0;
			defaultConfigurationName = Release;
		};
/* End XCConfigurationList section */
	};
	rootObject = 54AB9CC22FAC38F3005A9745 /* Project object */;
}
